
Microsoft Visual Studio Solution File, Format Version 12.00
# Visual Studio Version 17
VisualStudioVersion = 17.4.33205.214
MinimumVisualStudioVersion = 10.0.40219.1
Project("{FAE04EC0-301F-11D3-BF4B-00C04F79EFBC}") = "TDD", "TDD\TDD.csproj", "{2B06BAD3-6A65-474C-92AA-B3EFB2D59DFD}"
EndProject
Project("{FAE04EC0-301F-11D3-BF4B-00C04F79EFBC}") = "TDDTests", "TDDTests\TDDTests.csproj", "{68B8129B-AFC7-4EA7-AFB3-30A13ECA9BB3}"
EndProject
Global
	GlobalSection(SolutionConfigurationPlatforms) = preSolution
		Debug|Any CPU = Debug|Any CPU
		Release|Any CPU = Release|Any CPU
	EndGlobalSection
	GlobalSection(ProjectConfigurationPlatforms) = postSolution
		{2B06BAD3-6A65-474C-92AA-B3EFB2D59DFD}.Debug|Any CPU.ActiveCfg = Debug|Any CPU
		{2B06BAD3-6A65-474C-92AA-B3EFB2D59DFD}.Debug|Any CPU.Build.0 = Debug|Any CPU
		{2B06BAD3-6A65-474C-92AA-B3EFB2D59DFD}.Release|Any CPU.ActiveCfg = Release|Any CPU
		{2B06BAD3-6A65-474C-92AA-B3EFB2D59DFD}.Release|Any CPU.Build.0 = Release|Any CPU
		{68B8129B-AFC7-4EA7-AFB3-30A13ECA9BB3}.Debug|Any CPU.ActiveCfg = Debug|Any CPU
		{68B8129B-AFC7-4EA7-AFB3-30A13ECA9BB3}.Debug|Any CPU.Build.0 = Debug|Any CPU
		{68B8129B-AFC7-4EA7-AFB3-30A13ECA9BB3}.Release|Any CPU.ActiveCfg = Release|Any CPU
		{68B8129B-AFC7-4EA7-AFB3-30A13ECA9BB3}.Release|Any CPU.Build.0 = Release|Any CPU
	EndGlobalSection
	GlobalSection(SolutionProperties) = preSolution
		HideSolutionNode = FALSE
	EndGlobalSection
	GlobalSection(ExtensibilityGlobals) = postSolution
		SolutionGuid = {7358BB8C-E26E-49D6-9988-935AA2C771BA}
	EndGlobalSection
EndGlobal
